// !$*UTF8*$!
{
	archiveVersion = 1;
	classes = {
	};
	objectVersion = 56;
	objects = {

/* Begin PBXBuildFile section */
		A1B000000000000000000001 /* PodcastReactionDemoApp.swift in Sources */ = {isa = PBXBuildFile; fileRef = A1F000000000000000000001 /* PodcastReactionDemoApp.swift */; };
		A1B000000000000000000002 /* Podcast.swift in Sources */ = {isa = PBXBuildFile; fileRef = A1F000000000000000000002 /* Podcast.swift */; };
		A1B000000000000000000003 /* Episode.swift in Sources */ = {isa = PBXBuildFile; fileRef = A1F000000000000000000003 /* Episode.swift */; };
		A1B000000000000000000004 /* ReactionMood.swift in Sources */ = {isa = PBXBuildFile; fileRef = A1F000000000000000000004 /* ReactionMood.swift */; };
		A1B000000000000000000005 /* ReactionComment.swift in Sources */ = {isa = PBXBuildFile; fileRef = A1F000000000000000000005 /* ReactionComment.swift */; };
		A1B000000000000000000006 /* CommentSortOption.swift in Sources */ = {isa = PBXBuildFile; fileRef = A1F000000000000000000006 /* CommentSortOption.swift */; };
		A1B000000000000000000007 /* EpisodeViewModel.swift in Sources */ = {isa = PBXBuildFile; fileRef = A1F000000000000000000007 /* EpisodeViewModel.swift */; };
		A1B000000000000000000008 /* EpisodePlayerView.swift in Sources */ = {isa = PBXBuildFile; fileRef = A1F000000000000000000008 /* EpisodePlayerView.swift */; };
		A1B000000000000000000013 /* CommentTab.swift in Sources */ = {isa = PBXBuildFile; fileRef = A1F000000000000000000014 /* CommentTab.swift */; };
		A1B000000000000000000019 /* MomentCommentGroup.swift in Sources */ = {isa = PBXBuildFile; fileRef = A1F00000000000000000001A /* MomentCommentGroup.swift */; };
		A1B000000000000000000014 /* CommentsView.swift in Sources */ = {isa = PBXBuildFile; fileRef = A1F000000000000000000015 /* CommentsView.swift */; };
		A1B000000000000000000015 /* MomentCommentsView.swift in Sources */ = {isa = PBXBuildFile; fileRef = A1F000000000000000000016 /* MomentCommentsView.swift */; };
		A1B000000000000000000016 /* AddCommentSheet.swift in Sources */ = {isa = PBXBuildFile; fileRef = A1F000000000000000000017 /* AddCommentSheet.swift */; };
		A1B000000000000000000017 /* CommentTabBar.swift in Sources */ = {isa = PBXBuildFile; fileRef = A1F000000000000000000018 /* CommentTabBar.swift */; };
		A1B000000000000000000018 /* MomentRowView.swift in Sources */ = {isa = PBXBuildFile; fileRef = A1F000000000000000000019 /* MomentRowView.swift */; };
		A1B00000000000000000001A /* EpisodePlayerBackground.swift in Sources */ = {isa = PBXBuildFile; fileRef = A1F00000000000000000001B /* EpisodePlayerBackground.swift */; };
		A1B00000000000000000001B /* SegmentedProgressTrack.swift in Sources */ = {isa = PBXBuildFile; fileRef = A1F00000000000000000001C /* SegmentedProgressTrack.swift */; };
		A1B00000000000000000000B /* TimestampChipView.swift in Sources */ = {isa = PBXBuildFile; fileRef = A1F00000000000000000000B /* TimestampChipView.swift */; };
		A1B00000000000000000000C /* ReactionCommentRow.swift in Sources */ = {isa = PBXBuildFile; fileRef = A1F00000000000000000000C /* ReactionCommentRow.swift */; };
		A1B00000000000000000000D /* MockPlayerCardView.swift in Sources */ = {isa = PBXBuildFile; fileRef = A1F00000000000000000000D /* MockPlayerCardView.swift */; };
		A1B00000000000000000000E /* SortPickerView.swift in Sources */ = {isa = PBXBuildFile; fileRef = A1F00000000000000000000E /* SortPickerView.swift */; };
		A1B00000000000000000000F /* MockReactionService.swift in Sources */ = {isa = PBXBuildFile; fileRef = A1F00000000000000000000F /* MockReactionService.swift */; };
		A1B000000000000000000010 /* MockData.swift in Sources */ = {isa = PBXBuildFile; fileRef = A1F000000000000000000010 /* MockData.swift */; };
		A1B000000000000000000011 /* TimeFormatter.swift in Sources */ = {isa = PBXBuildFile; fileRef = A1F000000000000000000011 /* TimeFormatter.swift */; };
		A1B000000000000000000012 /* Assets.xcassets in Resources */ = {isa = PBXBuildFile; fileRef = A1F000000000000000000012 /* Assets.xcassets */; };
/* End PBXBuildFile section */

/* Begin PBXFileReference section */
		A1F000000000000000000001 /* PodcastReactionDemoApp.swift */ = {isa = PBXFileReference; lastKnownFileType = sourcecode.swift; path = PodcastReactionDemoApp.swift; sourceTree = "<group>"; };
		A1F000000000000000000002 /* Podcast.swift */ = {isa = PBXFileReference; lastKnownFileType = sourcecode.swift; path = Podcast.swift; sourceTree = "<group>"; };
		A1F000000000000000000003 /* Episode.swift */ = {isa = PBXFileReference; lastKnownFileType = sourcecode.swift; path = Episode.swift; sourceTree = "<group>"; };
		A1F000000000000000000004 /* ReactionMood.swift */ = {isa = PBXFileReference; lastKnownFileType = sourcecode.swift; path = ReactionMood.swift; sourceTree = "<group>"; };
		A1F000000000000000000005 /* ReactionComment.swift */ = {isa = PBXFileReference; lastKnownFileType = sourcecode.swift; path = ReactionComment.swift; sourceTree = "<group>"; };
		A1F000000000000000000006 /* CommentSortOption.swift */ = {isa = PBXFileReference; lastKnownFileType = sourcecode.swift; path = CommentSortOption.swift; sourceTree = "<group>"; };
		A1F000000000000000000014 /* CommentTab.swift */ = {isa = PBXFileReference; lastKnownFileType = sourcecode.swift; path = CommentTab.swift; sourceTree = "<group>"; };
		A1F00000000000000000001A /* MomentCommentGroup.swift */ = {isa = PBXFileReference; lastKnownFileType = sourcecode.swift; path = MomentCommentGroup.swift; sourceTree = "<group>"; };
		A1F000000000000000000007 /* EpisodeViewModel.swift */ = {isa = PBXFileReference; lastKnownFileType = sourcecode.swift; path = EpisodeViewModel.swift; sourceTree = "<group>"; };
		A1F000000000000000000008 /* EpisodePlayerView.swift */ = {isa = PBXFileReference; lastKnownFileType = sourcecode.swift; path = EpisodePlayerView.swift; sourceTree = "<group>"; };
		A1F000000000000000000015 /* CommentsView.swift */ = {isa = PBXFileReference; lastKnownFileType = sourcecode.swift; path = CommentsView.swift; sourceTree = "<group>"; };
		A1F000000000000000000016 /* MomentCommentsView.swift */ = {isa = PBXFileReference; lastKnownFileType = sourcecode.swift; path = MomentCommentsView.swift; sourceTree = "<group>"; };
		A1F000000000000000000017 /* AddCommentSheet.swift */ = {isa = PBXFileReference; lastKnownFileType = sourcecode.swift; path = AddCommentSheet.swift; sourceTree = "<group>"; };
		A1F00000000000000000000B /* TimestampChipView.swift */ = {isa = PBXFileReference; lastKnownFileType = sourcecode.swift; path = TimestampChipView.swift; sourceTree = "<group>"; };
		A1F00000000000000000000C /* ReactionCommentRow.swift */ = {isa = PBXFileReference; lastKnownFileType = sourcecode.swift; path = ReactionCommentRow.swift; sourceTree = "<group>"; };
		A1F00000000000000000000D /* MockPlayerCardView.swift */ = {isa = PBXFileReference; lastKnownFileType = sourcecode.swift; path = MockPlayerCardView.swift; sourceTree = "<group>"; };
		A1F000000000000000000018 /* CommentTabBar.swift */ = {isa = PBXFileReference; lastKnownFileType = sourcecode.swift; path = CommentTabBar.swift; sourceTree = "<group>"; };
		A1F000000000000000000019 /* MomentRowView.swift */ = {isa = PBXFileReference; lastKnownFileType = sourcecode.swift; path = MomentRowView.swift; sourceTree = "<group>"; };
		A1F00000000000000000001B /* EpisodePlayerBackground.swift */ = {isa = PBXFileReference; lastKnownFileType = sourcecode.swift; path = EpisodePlayerBackground.swift; sourceTree = "<group>"; };
		A1F00000000000000000001C /* SegmentedProgressTrack.swift */ = {isa = PBXFileReference; lastKnownFileType = sourcecode.swift; path = SegmentedProgressTrack.swift; sourceTree = "<group>"; };
		A1F00000000000000000000E /* SortPickerView.swift */ = {isa = PBXFileReference; lastKnownFileType = sourcecode.swift; path = SortPickerView.swift; sourceTree = "<group>"; };
		A1F00000000000000000000F /* MockReactionService.swift */ = {isa = PBXFileReference; lastKnownFileType = sourcecode.swift; path = MockReactionService.swift; sourceTree = "<group>"; };
		A1F000000000000000000010 /* MockData.swift */ = {isa = PBXFileReference; lastKnownFileType = sourcecode.swift; path = MockData.swift; sourceTree = "<group>"; };
		A1F000000000000000000011 /* TimeFormatter.swift */ = {isa = PBXFileReference; lastKnownFileType = sourcecode.swift; path = TimeFormatter.swift; sourceTree = "<group>"; };
		A1F000000000000000000012 /* Assets.xcassets */ = {isa = PBXFileReference; lastKnownFileType = folder.assetcatalog; path = Assets.xcassets; sourceTree = "<group>"; };
		A1F000000000000000000013 /* PodcastReactionDemo.app */ = {isa = PBXFileReference; explicitFileType = wrapper.application; includeInIndex = 0; path = PodcastReactionDemo.app; sourceTree = BUILT_PRODUCTS_DIR; };
/* End PBXFileReference section */

/* Begin PBXFrameworksBuildPhase section */
		A1E000000000000000000001 /* Frameworks */ = {
			isa = PBXFrameworksBuildPhase;
			buildActionMask = 2147483647;
			files = (
			);
			runOnlyForDeploymentPostprocessing = 0;
		};
/* End PBXFrameworksBuildPhase section */

/* Begin PBXGroup section */
		A1A000000000000000000001 = {
			isa = PBXGroup;
			children = (
				A1A000000000000000000002 /* PodcastReactionDemo */,
				A1A000000000000000000003 /* Products */,
			);
			sourceTree = "<group>";
		};
		A1A000000000000000000002 /* PodcastReactionDemo */ = {
			isa = PBXGroup;
			children = (
				A1A000000000000000000004 /* App */,
				A1A000000000000000000005 /* Models */,
				A1A000000000000000000006 /* ViewModels */,
				A1A000000000000000000007 /* Views */,
				A1A000000000000000000008 /* Services */,
				A1A000000000000000000009 /* Data */,
				A1A00000000000000000000A /* Utils */,
				A1F000000000000000000012 /* Assets.xcassets */,
			);
			path = PodcastReactionDemo;
			sourceTree = "<group>";
		};
		A1A000000000000000000003 /* Products */ = {
			isa = PBXGroup;
			children = (
				A1F000000000000000000013 /* PodcastReactionDemo.app */,
			);
			name = Products;
			sourceTree = "<group>";
		};
		A1A000000000000000000004 /* App */ = {
			isa = PBXGroup;
			children = (
				A1F000000000000000000001 /* PodcastReactionDemoApp.swift */,
			);
			path = App;
			sourceTree = "<group>";
		};
		A1A000000000000000000005 /* Models */ = {
			isa = PBXGroup;
			children = (
				A1F000000000000000000002 /* Podcast.swift */,
				A1F000000000000000000003 /* Episode.swift */,
				A1F000000000000000000004 /* ReactionMood.swift */,
				A1F000000000000000000005 /* ReactionComment.swift */,
				A1F000000000000000000006 /* CommentSortOption.swift */,
				A1F000000000000000000014 /* CommentTab.swift */,
				A1F00000000000000000001A /* MomentCommentGroup.swift */,
			);
			path = Models;
			sourceTree = "<group>";
		};
		A1A000000000000000000006 /* ViewModels */ = {
			isa = PBXGroup;
			children = (
				A1F000000000000000000007 /* EpisodeViewModel.swift */,
			);
			path = ViewModels;
			sourceTree = "<group>";
		};
		A1A000000000000000000007 /* Views */ = {
			isa = PBXGroup;
			children = (
				A1F000000000000000000008 /* EpisodePlayerView.swift */,
				A1F000000000000000000015 /* CommentsView.swift */,
				A1F000000000000000000016 /* MomentCommentsView.swift */,
				A1F000000000000000000017 /* AddCommentSheet.swift */,
				A1A00000000000000000000B /* Components */,
			);
			path = Views;
			sourceTree = "<group>";
		};
		A1A00000000000000000000B /* Components */ = {
			isa = PBXGroup;
			children = (
				A1F00000000000000000000B /* TimestampChipView.swift */,
				A1F00000000000000000000C /* ReactionCommentRow.swift */,
				A1F00000000000000000000D /* MockPlayerCardView.swift */,
				A1F00000000000000000000E /* SortPickerView.swift */,
				A1F000000000000000000018 /* CommentTabBar.swift */,
				A1F000000000000000000019 /* MomentRowView.swift */,
				A1F00000000000000000001B /* EpisodePlayerBackground.swift */,
				A1F00000000000000000001C /* SegmentedProgressTrack.swift */,
			);
			path = Components;
			sourceTree = "<group>";
		};
		A1A000000000000000000008 /* Services */ = {
			isa = PBXGroup;
			children = (
				A1F00000000000000000000F /* MockReactionService.swift */,
			);
			path = Services;
			sourceTree = "<group>";
		};
		A1A000000000000000000009 /* Data */ = {
			isa = PBXGroup;
			children = (
				A1F000000000000000000010 /* MockData.swift */,
			);
			path = Data;
			sourceTree = "<group>";
		};
		A1A00000000000000000000A /* Utils */ = {
			isa = PBXGroup;
			children = (
				A1F000000000000000000011 /* TimeFormatter.swift */,
			);
			path = Utils;
			sourceTree = "<group>";
		};
/* End PBXGroup section */

/* Begin PBXNativeTarget section */
		A1D000000000000000000002 /* PodcastReactionDemo */ = {
			isa = PBXNativeTarget;
			buildConfigurationList = A1F100000000000000000002 /* Build configuration list for PBXNativeTarget "PodcastReactionDemo" */;
			buildPhases = (
				A1F200000000000000000001 /* Sources */,
				A1E000000000000000000001 /* Frameworks */,
				A1F300000000000000000001 /* Resources */,
			);
			buildRules = (
			);
			dependencies = (
			);
			name = PodcastReactionDemo;
			productName = PodcastReactionDemo;
			productReference = A1F000000000000000000013 /* PodcastReactionDemo.app */;
			productType = "com.apple.product-type.application";
		};
/* End PBXNativeTarget section */

/* Begin PBXProject section */
		A1D000000000000000000001 /* Project object */ = {
			isa = PBXProject;
			attributes = {
				BuildIndependentTargetsInParallel = 1;
				LastSwiftUpdateCheck = 1500;
				LastUpgradeCheck = 1500;
				TargetAttributes = {
					A1D000000000000000000002 = {
						CreatedOnToolsVersion = 15.0;
					};
				};
			};
			buildConfigurationList = A1F100000000000000000001 /* Build configuration list for PBXProject "PodcastReactionDemo" */;
			compatibilityVersion = "Xcode 14.0";
			developmentRegion = en;
			hasScannedForEncodings = 0;
			knownRegions = (
				en,
				Base,
			);
			mainGroup = A1A000000000000000000001;
			productRefGroup = A1A000000000000000000003 /* Products */;
			projectDirPath = "";
			projectRoot = "";
			targets = (
				A1D000000000000000000002 /* PodcastReactionDemo */,
			);
		};
/* End PBXProject section */

/* Begin PBXResourcesBuildPhase section */
		A1F300000000000000000001 /* Resources */ = {
			isa = PBXResourcesBuildPhase;
			buildActionMask = 2147483647;
			files = (
				A1B000000000000000000012 /* Assets.xcassets in Resources */,
			);
			runOnlyForDeploymentPostprocessing = 0;
		};
/* End PBXResourcesBuildPhase section */

/* Begin PBXSourcesBuildPhase section */
		A1F200000000000000000001 /* Sources */ = {
			isa = PBXSourcesBuildPhase;
			buildActionMask = 2147483647;
			files = (
				A1B000000000000000000001 /* PodcastReactionDemoApp.swift in Sources */,
				A1B000000000000000000002 /* Podcast.swift in Sources */,
				A1B000000000000000000003 /* Episode.swift in Sources */,
				A1B000000000000000000004 /* ReactionMood.swift in Sources */,
				A1B000000000000000000005 /* ReactionComment.swift in Sources */,
				A1B000000000000000000006 /* CommentSortOption.swift in Sources */,
				A1B000000000000000000007 /* EpisodeViewModel.swift in Sources */,
				A1B000000000000000000008 /* EpisodePlayerView.swift in Sources */,
				A1B000000000000000000013 /* CommentTab.swift in Sources */,
				A1B000000000000000000019 /* MomentCommentGroup.swift in Sources */,
				A1B000000000000000000014 /* CommentsView.swift in Sources */,
				A1B000000000000000000015 /* MomentCommentsView.swift in Sources */,
				A1B000000000000000000016 /* AddCommentSheet.swift in Sources */,
				A1B000000000000000000017 /* CommentTabBar.swift in Sources */,
				A1B000000000000000000018 /* MomentRowView.swift in Sources */,
				A1B00000000000000000001A /* EpisodePlayerBackground.swift in Sources */,
				A1B00000000000000000001B /* SegmentedProgressTrack.swift in Sources */,
				A1B00000000000000000000B /* TimestampChipView.swift in Sources */,
				A1B00000000000000000000C /* ReactionCommentRow.swift in Sources */,
				A1B00000000000000000000D /* MockPlayerCardView.swift in Sources */,
				A1B00000000000000000000E /* SortPickerView.swift in Sources */,
				A1B00000000000000000000F /* MockReactionService.swift in Sources */,
				A1B000000000000000000010 /* MockData.swift in Sources */,
				A1B000000000000000000011 /* TimeFormatter.swift in Sources */,
			);
			runOnlyForDeploymentPostprocessing = 0;
		};
/* End PBXSourcesBuildPhase section */

/* Begin XCBuildConfiguration section */
		A1C000000000000000000001 /* Debug */ = {
			isa = XCBuildConfiguration;
			buildSettings = {
				ALWAYS_SEARCH_USER_PATHS = NO;
				ASSETCATALOG_COMPILER_GENERATE_SWIFT_ASSET_SYMBOL_EXTENSIONS = YES;
				CLANG_ANALYZER_NONNULL = YES;
				CLANG_ANALYZER_NUMBER_OBJECT_CONVERSION = YES_AGGRESSIVE;
				CLANG_CXX_LANGUAGE_STANDARD = "gnu++20";
				CLANG_ENABLE_MODULES = YES;
				CLANG_ENABLE_OBJC_ARC = YES;
				CLANG_ENABLE_OBJC_WEAK = YES;
				CLANG_WARN_BLOCK_CAPTURE_AUTORELEASING = YES;
				CLANG_WARN_BOOL_CONVERSION = YES;
				CLANG_WARN_COMMA = YES;
				CLANG_WARN_CONSTANT_CONVERSION = YES;
				CLANG_WARN_DEPRECATED_OBJC_IMPLEMENTATIONS = YES;
				CLANG_WARN_DIRECT_OBJC_ISA_USAGE = YES_ERROR;
				CLANG_WARN_DOCUMENTATION_COMMENTS = YES;
				CLANG_WARN_EMPTY_BODY = YES;
				CLANG_WARN_ENUM_CONVERSION = YES;
				CLANG_WARN_INFINITE_RECURSION = YES;
				CLANG_WARN_INT_CONVERSION = YES;
				CLANG_WARN_NON_LITERAL_NULL_CONVERSION = YES;
				CLANG_WARN_OBJC_IMPLICIT_RETAIN_SELF = YES;
				CLANG_WARN_OBJC_LITERAL_CONVERSION = YES;
				CLANG_WARN_OBJC_ROOT_CLASS = YES_ERROR;
				CLANG_WARN_QUOTED_INCLUDE_IN_FRAMEWORK_HEADER = YES;
				CLANG_WARN_RANGE_LOOP_ANALYSIS = YES;
				CLANG_WARN_STRICT_PROTOTYPES = YES;
				CLANG_WARN_SUSPICIOUS_MOVE = YES;
				CLANG_WARN_UNGUARDED_AVAILABILITY = YES_AGGRESSIVE;
				CLANG_WARN_UNREACHABLE_CODE = YES;
				CLANG_WARN__DUPLICATE_METHOD_MATCH = YES;
				COPY_PHASE_STRIP = NO;
				DEBUG_INFORMATION_FORMAT = dwarf;
				ENABLE_STRICT_OBJC_MSGSEND = YES;
				ENABLE_TESTABILITY = YES;
				ENABLE_USER_SCRIPT_SANDBOXING = YES;
				GCC_C_LANGUAGE_STANDARD = gnu17;
				GCC_DYNAMIC_NO_PIC = NO;
				GCC_NO_COMMON_BLOCKS = YES;
				GCC_OPTIMIZATION_LEVEL = 0;
				GCC_PREPROCESSOR_DEFINITIONS = (
					"DEBUG=1",
					"$(inherited)",
				);
				GCC_WARN_64_TO_32_BIT_CONVERSION = YES;
				GCC_WARN_ABOUT_RETURN_TYPE = YES_ERROR;
				GCC_WARN_UNDECLARED_SELECTOR = YES;
				GCC_WARN_UNINITIALIZED_AUTOS = YES_AGGRESSIVE;
				GCC_WARN_UNUSED_FUNCTION = YES;
				GCC_WARN_UNUSED_VARIABLE = YES;
				IPHONEOS_DEPLOYMENT_TARGET = 17.0;
				LOCALIZATION_PREFERS_STRING_CATALOGS = YES;
				MTL_ENABLE_DEBUG_INFO = INCLUDE_SOURCE;
				MTL_FAST_MATH = YES;
				ONLY_ACTIVE_ARCH = YES;
				SDKROOT = iphoneos;
				SWIFT_ACTIVE_COMPILATION_CONDITIONS = "DEBUG $(inherited)";
				SWIFT_OPTIMIZATION_LEVEL = "-Onone";
			};
			name = Debug;
		};
		A1C000000000000000000002 /* Release */ = {
			isa = XCBuildConfiguration;
			buildSettings = {
				ALWAYS_SEARCH_USER_PATHS = NO;
				ASSETCATALOG_COMPILER_GENERATE_SWIFT_ASSET_SYMBOL_EXTENSIONS = YES;
				CLANG_ANALYZER_NONNULL = YES;
				CLANG_ANALYZER_NUMBER_OBJECT_CONVERSION = YES_AGGRESSIVE;
				CLANG_CXX_LANGUAGE_STANDARD = "gnu++20";
				CLANG_ENABLE_MODULES = YES;
				CLANG_ENABLE_OBJC_ARC = YES;
				CLANG_ENABLE_OBJC_WEAK = YES;
				CLANG_WARN_BLOCK_CAPTURE_AUTORELEASING = YES;
				CLANG_WARN_BOOL_CONVERSION = YES;
				CLANG_WARN_COMMA = YES;
				CLANG_WARN_CONSTANT_CONVERSION = YES;
				CLANG_WARN_DEPRECATED_OBJC_IMPLEMENTATIONS = YES;
				CLANG_WARN_DIRECT_OBJC_ISA_USAGE = YES_ERROR;
				CLANG_WARN_DOCUMENTATION_COMMENTS = YES;
				CLANG_WARN_EMPTY_BODY = YES;
				CLANG_WARN_ENUM_CONVERSION = YES;
				CLANG_WARN_INFINITE_RECURSION = YES;
				CLANG_WARN_INT_CONVERSION = YES;
				CLANG_WARN_NON_LITERAL_NULL_CONVERSION = YES;
				CLANG_WARN_OBJC_IMPLICIT_RETAIN_SELF = YES;
				CLANG_WARN_OBJC_LITERAL_CONVERSION = YES;
				CLANG_WARN_OBJC_ROOT_CLASS = YES_ERROR;
				CLANG_WARN_QUOTED_INCLUDE_IN_FRAMEWORK_HEADER = YES;
				CLANG_WARN_RANGE_LOOP_ANALYSIS = YES;
				CLANG_WARN_STRICT_PROTOTYPES = YES;
				CLANG_WARN_SUSPICIOUS_MOVE = YES;
				CLANG_WARN_UNGUARDED_AVAILABILITY = YES_AGGRESSIVE;
				CLANG_WARN_UNREACHABLE_CODE = YES;
				CLANG_WARN__DUPLICATE_METHOD_MATCH = YES;
				COPY_PHASE_STRIP = NO;
				DEBUG_INFORMATION_FORMAT = "dwarf-with-dsym";
				ENABLE_NS_ASSERTIONS = NO;
				ENABLE_STRICT_OBJC_MSGSEND = YES;
				ENABLE_USER_SCRIPT_SANDBOXING = YES;
				GCC_C_LANGUAGE_STANDARD = gnu17;
				GCC_NO_COMMON_BLOCKS = YES;
				GCC_WARN_64_TO_32_BIT_CONVERSION = YES;
				GCC_WARN_ABOUT_RETURN_TYPE = YES_ERROR;
				GCC_WARN_UNDECLARED_SELECTOR = YES;
				GCC_WARN_UNINITIALIZED_AUTOS = YES_AGGRESSIVE;
				GCC_WARN_UNUSED_FUNCTION = YES;
				GCC_WARN_UNUSED_VARIABLE = YES;
				IPHONEOS_DEPLOYMENT_TARGET = 17.0;
				LOCALIZATION_PREFERS_STRING_CATALOGS = YES;
				MTL_ENABLE_DEBUG_INFO = NO;
				MTL_FAST_MATH = YES;
				SDKROOT = iphoneos;
				SWIFT_COMPILATION_MODE = wholemodule;
				VALIDATE_PRODUCT = YES;
			};
			name = Release;
		};
		A1C000000000000000000003 /* Debug */ = {
			isa = XCBuildConfiguration;
			buildSettings = {
				ASSETCATALOG_COMPILER_APPICON_NAME = AppIcon;
				ASSETCATALOG_COMPILER_GLOBAL_ACCENT_COLOR_NAME = AccentColor;
				CODE_SIGN_STYLE = Automatic;
				CURRENT_PROJECT_VERSION = 1;
				DEVELOPMENT_ASSET_PATHS = "";
				ENABLE_PREVIEWS = YES;
				GENERATE_INFOPLIST_FILE = YES;
				INFOPLIST_KEY_UIApplicationSceneManifest_Generation = YES;
				INFOPLIST_KEY_UIApplicationSupportsIndirectInputEvents = YES;
				INFOPLIST_KEY_UILaunchScreen_Generation = YES;
				INFOPLIST_KEY_UISupportedInterfaceOrientations_iPad = "UIInterfaceOrientationPortrait UIInterfaceOrientationPortraitUpsideDown UIInterfaceOrientationLandscapeLeft UIInterfaceOrientationLandscapeRight";
				INFOPLIST_KEY_UISupportedInterfaceOrientations_iPhone = "UIInterfaceOrientationPortrait UIInterfaceOrientationLandscapeLeft UIInterfaceOrientationLandscapeRight";
				LD_RUNPATH_SEARCH_PATHS = (
					"$(inherited)",
					"@executable_path/Frameworks",
				);
				MARKETING_VERSION = 1.0;
				PRODUCT_BUNDLE_IDENTIFIER = com.example.PodcastReactionDemo;
				PRODUCT_NAME = "$(TARGET_NAME)";
				SWIFT_EMIT_LOC_STRINGS = YES;
				SWIFT_VERSION = 5.0;
				TARGETED_DEVICE_FAMILY = "1,2";
			};
			name = Debug;
		};
		A1C000000000000000000004 /* Release */ = {
			isa = XCBuildConfiguration;
			buildSettings = {
				ASSETCATALOG_COMPILER_APPICON_NAME = AppIcon;
				ASSETCATALOG_COMPILER_GLOBAL_ACCENT_COLOR_NAME = AccentColor;
				CODE_SIGN_STYLE = Automatic;
				CURRENT_PROJECT_VERSION = 1;
				DEVELOPMENT_ASSET_PATHS = "";
				ENABLE_PREVIEWS = YES;
				GENERATE_INFOPLIST_FILE = YES;
				INFOPLIST_KEY_UIApplicationSceneManifest_Generation = YES;
				INFOPLIST_KEY_UIApplicationSupportsIndirectInputEvents = YES;
				INFOPLIST_KEY_UILaunchScreen_Generation = YES;
				INFOPLIST_KEY_UISupportedInterfaceOrientations_iPad = "UIInterfaceOrientationPortrait UIInterfaceOrientationPortraitUpsideDown UIInterfaceOrientationLandscapeLeft UIInterfaceOrientationLandscapeRight";
				INFOPLIST_KEY_UISupportedInterfaceOrientations_iPhone = "UIInterfaceOrientationPortrait UIInterfaceOrientationLandscapeLeft UIInterfaceOrientationLandscapeRight";
				LD_RUNPATH_SEARCH_PATHS = (
					"$(inherited)",
					"@executable_path/Frameworks",
				);
				MARKETING_VERSION = 1.0;
				PRODUCT_BUNDLE_IDENTIFIER = com.example.PodcastReactionDemo;
				PRODUCT_NAME = "$(TARGET_NAME)";
				SWIFT_EMIT_LOC_STRINGS = YES;
				SWIFT_VERSION = 5.0;
				TARGETED_DEVICE_FAMILY = "1,2";
			};
			name = Release;
		};
/* End XCBuildConfiguration section */

/* Begin XCConfigurationList section */
		A1F100000000000000000001 /* Build configuration list for PBXProject "PodcastReactionDemo" */ = {
			isa = XCConfigurationList;
			buildConfigurations = (
				A1C000000000000000000001 /* Debug */,
				A1C000000000000000000002 /* Release */,
			);
			defaultConfigurationIsVisible = 0;
			defaultConfigurationName = Release;
		};
		A1F100000000000000000002 /* Build configuration list for PBXNativeTarget "PodcastReactionDemo" */ = {
			isa = XCConfigurationList;
			buildConfigurations = (
				A1C000000000000000000003 /* Debug */,
				A1C000000000000000000004 /* Release */,
			);
			defaultConfigurationIsVisible = 0;
			defaultConfigurationName = Release;
		};
/* End XCConfigurationList section */
	};
	rootObject = A1D000000000000000000001 /* Project object */;
}
